
Microsoft Visual Studio Solution File, Format Version 12.00
# Visual Studio Version 17
VisualStudioVersion = 17.0.31903.59
MinimumVisualStudioVersion = 10.0.40219.1
Project("{FAE04EC0-301F-11D3-BF4B-00C04F79EFBC}") = "RealEstateCompany", "RealEstateCompany\RealEstateCompany.csproj", "{FA7040EF-7B81-4A8D-A4F1-417A69738C0B}"
EndProject
Project("{FAE04EC0-301F-11D3-BF4B-00C04F79EFBC}") = "RealEstateCompany.Tests", "RealEstateCompany.Tests\RealEstateCompany.Tests.csproj", "{5F42A597-4680-4368-B947-BD4C4CF1BA38}"
EndProject
Global
	GlobalSection(SolutionConfigurationPlatforms) = preSolution
		Debug|Any CPU = Debug|Any CPU
		Release|Any CPU = Release|Any CPU
	EndGlobalSection
	GlobalSection(SolutionProperties) = preSolution
		HideSolutionNode = FALSE
	EndGlobalSection
	GlobalSection(ProjectConfigurationPlatforms) = postSolution
		{FA7040EF-7B81-4A8D-A4F1-417A69738C0B}.Debug|Any CPU.ActiveCfg = Debug|Any CPU
		{FA7040EF-7B81-4A8D-A4F1-417A69738C0B}.Debug|Any CPU.Build.0 = Debug|Any CPU
		{FA7040EF-7B81-4A8D-A4F1-417A69738C0B}.Release|Any CPU.ActiveCfg = Release|Any CPU
		{FA7040EF-7B81-4A8D-A4F1-417A69738C0B}.Release|Any CPU.Build.0 = Release|Any CPU
		{5F42A597-4680-4368-B947-BD4C4CF1BA38}.Debug|Any CPU.ActiveCfg = Debug|Any CPU
		{5F42A597-4680-4368-B947-BD4C4CF1BA38}.Debug|Any CPU.Build.0 = Debug|Any CPU
		{5F42A597-4680-4368-B947-BD4C4CF1BA38}.Release|Any CPU.ActiveCfg = Release|Any CPU
		{5F42A597-4680-4368-B947-BD4C4CF1BA38}.Release|Any CPU.Build.0 = Release|Any CPU
	EndGlobalSection
EndGlobal
